
Microsoft Visual Studio Solution File, Format Version 12.00
# Visual Studio Version 17
VisualStudioVersion = 17.0.31903.59
MinimumVisualStudioVersion = 10.0.40219.1
Project("{FAE04EC0-301F-11D3-BF4B-00C04F79EFBC}") = "Ex006a", "Ex006a\Ex006a.csproj", "{A7B41705-E4EE-406A-BD96-EDFE624F599C}"
EndProject
Project("{FAE04EC0-301F-11D3-BF4B-00C04F79EFBC}") = "Ex003", "Ex003\Ex003.csproj", "{84647DAB-AC85-4FB7-8900-41960D8DC9D3}"
EndProject
Project("{FAE04EC0-301F-11D3-BF4B-00C04F79EFBC}") = "Ex004", "Ex004\Ex004.csproj", "{5E282810-0352-42B1-AAB1-49D4B4E05417}"
EndProject
Project("{FAE04EC0-301F-11D3-BF4B-00C04F79EFBC}") = "Ex005", "Ex005\Ex005.csproj", "{6466A641-9FD3-43E8-95D6-946CC1A50288}"
EndProject
Project("{FAE04EC0-301F-11D3-BF4B-00C04F79EFBC}") = "Ex006b", "Ex006b\Ex006b.csproj", "{8A5E5961-9026-4696-94AC-7F70BEC47B72}"
EndProject
Global
	GlobalSection(SolutionConfigurationPlatforms) = preSolution
		Debug|Any CPU = Debug|Any CPU
		Release|Any CPU = Release|Any CPU
	EndGlobalSection
	GlobalSection(SolutionProperties) = preSolution
		HideSolutionNode = FALSE
	EndGlobalSection
	GlobalSection(ProjectConfigurationPlatforms) = postSolution
		{A7B41705-E4EE-406A-BD96-EDFE624F599C}.Debug|Any CPU.ActiveCfg = Debug|Any CPU
		{A7B41705-E4EE-406A-BD96-EDFE624F599C}.Debug|Any CPU.Build.0 = Debug|Any CPU
		{A7B41705-E4EE-406A-BD96-EDFE624F599C}.Release|Any CPU.ActiveCfg = Release|Any CPU
		{A7B41705-E4EE-406A-BD96-EDFE624F599C}.Release|Any CPU.Build.0 = Release|Any CPU
		{84647DAB-AC85-4FB7-8900-41960D8DC9D3}.Debug|Any CPU.ActiveCfg = Debug|Any CPU
		{84647DAB-AC85-4FB7-8900-41960D8DC9D3}.Debug|Any CPU.Build.0 = Debug|Any CPU
		{84647DAB-AC85-4FB7-8900-41960D8DC9D3}.Release|Any CPU.ActiveCfg = Release|Any CPU
		{84647DAB-AC85-4FB7-8900-41960D8DC9D3}.Release|Any CPU.Build.0 = Release|Any CPU
		{5E282810-0352-42B1-AAB1-49D4B4E05417}.Debug|Any CPU.ActiveCfg = Debug|Any CPU
		{5E282810-0352-42B1-AAB1-49D4B4E05417}.Debug|Any CPU.Build.0 = Debug|Any CPU
		{5E282810-0352-42B1-AAB1-49D4B4E05417}.Release|Any CPU.ActiveCfg = Release|Any CPU
		{5E282810-0352-42B1-AAB1-49D4B4E05417}.Release|Any CPU.Build.0 = Release|Any CPU
		{6466A641-9FD3-43E8-95D6-946CC1A50288}.Debug|Any CPU.ActiveCfg = Debug|Any CPU
		{6466A641-9FD3-43E8-95D6-946CC1A50288}.Debug|Any CPU.Build.0 = Debug|Any CPU
		{6466A641-9FD3-43E8-95D6-946CC1A50288}.Release|Any CPU.ActiveCfg = Release|Any CPU
		{6466A641-9FD3-43E8-95D6-946CC1A50288}.Release|Any CPU.Build.0 = Release|Any CPU
		{8A5E5961-9026-4696-94AC-7F70BEC47B72}.Debug|Any CPU.ActiveCfg = Debug|Any CPU
		{8A5E5961-9026-4696-94AC-7F70BEC47B72}.Debug|Any CPU.Build.0 = Debug|Any CPU
		{8A5E5961-9026-4696-94AC-7F70BEC47B72}.Release|Any CPU.ActiveCfg = Release|Any CPU
		{8A5E5961-9026-4696-94AC-7F70BEC47B72}.Release|Any CPU.Build.0 = Release|Any CPU
	EndGlobalSection
EndGlobal
